{
    "_meta": {
        "hash": {
            "sha256": "6a58b8bce48192ecf5812aec0789522217dde40d5d6bb3365a0dfac571ecc32d"
        },
        "pipfile-spec": 6,
        "requires": {
            "python_version": "3.9"
        },
        "sources": [
            {
                "name": "pypi",
                "url": "https://pypi.org/simple",
                "verify_ssl": true
            }
        ]
    },
    "default": {
        "absl-py": {
            "hashes": [
                "sha256:afe94e3c751ff81aad55d33ab6e630390da32780110b5af72ae81ecff8418d9e",
                "sha256:b44f68984a5ceb2607d135a615999b93924c771238a63920d17d3387b0d229d5"
            ],
            "version": "==0.12.0"
        },
        "attrs": {
            "hashes": [
                "sha256:149e90d6d8ac20db7a955ad60cf0e6881a3f20d37096140088356da6c716b0b1",
                "sha256:ef6aaac3ca6cd92904cdd0d83f629a15f18053ec84e6432106f7a4d04ae4f5fb"
            ],
            "markers": "python_version >= '2.7' and python_version not in '3.0, 3.1, 3.2, 3.3, 3.4'",
            "version": "==21.2.0"
        },
        "mediapipe": {
            "hashes": [
                "sha256:0ac7c5635d0e71455ec74be9cd902ef2eb6f431bfda47a808aed724717978e54",
                "sha256:35a5373be0437f81684020937f9f48ff74a413cc4eb03f11d7848f190236ca37",
                "sha256:42a8fe6b1757f20ceac64096d4ce3a7a787863f6e3ffd30fbadff6040213ea2e",
                "sha256:4d45c1447b68bb0df6d21a19b6d587c6b07e94c0c9b930d79b059e374b0eff88",
                "sha256:4f828235b58a7bc6563f63c4d9753e625685798ce8193e053b208d9ca7f81320",
                "sha256:5c0caef6e9a766757d3ab7609003cacb86acf03e1d6daa804a5ef80433a7d418",
                "sha256:69515ea9924f0f0e4ec84f1b2f8b56fade6295d2222473816c2948d145cfbaf2",
                "sha256:6c18713bff04aa2842fa57c660875714ab470d72804bb314acce7323e7dcea44",
                "sha256:74dee7cbfcd0397d7847deaf125fbe30ef2482b9629f0ee9b19facbb49ec870a"
            ],
            "index": "pypi",
            "version": "==0.8.4.1"
        },
        "numpy": {
            "hashes": [
                "sha256:2428b109306075d89d21135bdd6b785f132a1f5a3260c371cee1fae427e12727",
                "sha256:377751954da04d4a6950191b20539066b4e19e3b559d4695399c5e8e3e683bf6",
                "sha256:4703b9e937df83f5b6b7447ca5912b5f5f297aba45f91dbbbc63ff9278c7aa98",
                "sha256:471c0571d0895c68da309dacee4e95a0811d0a9f9f532a48dc1bea5f3b7ad2b7",
                "sha256:61d5b4cf73622e4d0c6b83408a16631b670fc045afd6540679aa35591a17fe6d",
                "sha256:6c915ee7dba1071554e70a3664a839fbc033e1d6528199d4621eeaaa5487ccd2",
                "sha256:6e51e417d9ae2e7848314994e6fc3832c9d426abce9328cf7571eefceb43e6c9",
                "sha256:719656636c48be22c23641859ff2419b27b6bdf844b36a2447cb39caceb00935",
                "sha256:780ae5284cb770ade51d4b4a7dce4faa554eb1d88a56d0e8b9f35fca9b0270ff",
                "sha256:878922bf5ad7550aa044aa9301d417e2d3ae50f0f577de92051d739ac6096cee",
                "sha256:924dc3f83de20437de95a73516f36e09918e9c9c18d5eac520062c49191025fb",
                "sha256:97ce8b8ace7d3b9288d88177e66ee75480fb79b9cf745e91ecfe65d91a856042",
                "sha256:9c0fab855ae790ca74b27e55240fe4f2a36a364a3f1ebcfd1fb5ac4088f1cec3",
                "sha256:9cab23439eb1ebfed1aaec9cd42b7dc50fc96d5cd3147da348d9161f0501ada5",
                "sha256:a8e6859913ec8eeef3dbe9aed3bf475347642d1cdd6217c30f28dee8903528e6",
                "sha256:aa046527c04688af680217fffac61eec2350ef3f3d7320c07fd33f5c6e7b4d5f",
                "sha256:abc81829c4039e7e4c30f7897938fa5d4916a09c2c7eb9b244b7a35ddc9656f4",
                "sha256:bad70051de2c50b1a6259a6df1daaafe8c480ca98132da98976d8591c412e737",
                "sha256:c73a7975d77f15f7f68dacfb2bca3d3f479f158313642e8ea9058eea06637931",
                "sha256:d15007f857d6995db15195217afdbddfcd203dfaa0ba6878a2f580eaf810ecd6",
                "sha256:d76061ae5cab49b83a8cf3feacefc2053fac672728802ac137dd8c4123397677",
                "sha256:e8e4fbbb7e7634f263c5b0150a629342cc19b47c5eba8d1cd4363ab3455ab576",
                "sha256:e9459f40244bb02b2f14f6af0cd0732791d72232bbb0dc4bab57ef88e75f6935",
                "sha256:edb1f041a9146dcf02cd7df7187db46ab524b9af2515f392f337c7cbbf5b52cd"
            ],
            "markers": "python_version >= '3.7'",
            "version": "==1.20.2"
        },
        "opencv-contrib-python": {
            "hashes": [
                "sha256:0dfb0cf9f66125930645506c37e1da4d6e55166dde6f4dbb4fd734fd6e7d9b6a",
                "sha256:29c5925ac8838d3ccbe872808185e6a0d842e276a116b01a6b387f8e3aab9dd6",
                "sha256:3663391d0cc34c44bcbd6ad18b62f0f4b70e31b459cb957ea851e5e2e0b7071b",
                "sha256:394f2f518c49279c928216f89520e90ad8354a8f538aa3e4bfe8e4d03fea05f1",
                "sha256:84d0f3015c51841b5f4beed80d7fa0e96daf85a0107cc967f6fc8196d0b24a61",
                "sha256:8efd92c81a1df7876efeef252f03057b2389da6acb1473921c0416b05ba5a48b",
                "sha256:ac695472f6008367cc4bce4c70b70c1790e401d83a0a8709203ab02cbedd6a9d",
                "sha256:add0e4350701e0393f0ac4d77dc0a0459a3585e5af2cfad86249ef026baefd58",
                "sha256:b4060f50fd7cceef6422ef943acf37668d7a4f793ccd1c7f96a815a7e414ce19",
                "sha256:c0cd167426740565f4c2e9defc1a7ab9298ed762bc0a95f8d47a2bd453297167",
                "sha256:d48cd02abe485cbf7f7ca4dd382fc6218fea47cb9a99f07b6d781fa8269a92e3",
                "sha256:daceb7ddcc70c677d2d707c20496db8a63151c0493f365a2986fe103790566da",
                "sha256:e289839368a428fad89ee221e85eddc8fa9920dff7382b0a8d3f2ba654c77cb1",
                "sha256:ef4a0c1a32f88dfcac388a58737645fe60a654b8ba8442a6bbdd815b6f37e74e",
                "sha256:f441b21e65c69c5258a68d206271ea103de180472650ab99d870723cbfc07962",
                "sha256:f7a35ccf7186afe45d66dab30a04b774753ab20df1c6046b9aff7ec76f2c8e0c"
            ],
            "markers": "python_version >= '3.6'",
            "version": "==4.5.2.52"
        },
        "protobuf": {
            "hashes": [
                "sha256:11301f1993f67dc81fc5c4756623652c899f7b5574b1e095d63bfc78347b11f3",
                "sha256:228eecbedd46d75010f1e0f8ce34dbcd11ae5a40c165a9fc9d330a58aa302818",
                "sha256:2cec059f4821c8f58890920a5c8a828ea027d46d5b18cb5e9dd4c727c65a2aa0",
                "sha256:49dd3550bb42050d1676378c3fef91ff058d7023b77ac6f3179eb2a1c6c562d7",
                "sha256:4bb7064727953d9187f6806230968b98e1ce4ec03bd737600e8380a9e5a6ac15",
                "sha256:648178381d9dbbc736849443151533ab958e7b8bcbd658a62ad10906552fddcc",
                "sha256:675d8e7463e03cf8343792935d62b80d90839d56a228c941dfdddda946eea066",
                "sha256:80b233553ff500378becc372721541902c567e51b2654b68513d7b89c43dbc4b",
                "sha256:8c0d3a5aa3412a440a9384349f6095991e8a5012e619cf5f57f042829f65cdb3",
                "sha256:8ec649186f5443cab12692438190988bb9058dbfa5851d10d59a1c7214159a5f",
                "sha256:9191e97d92b62424423ce5a5604047fd76c80a4f463fbd10c9d8b82928f152cf",
                "sha256:b85ad5fe54163350067a53c0c170211c9f752dd4b4d8f339eb5aea8e987614a9",
                "sha256:bc1ba824ff750c2ead1e7b8dd049bb5ddf8658d056cf4b989f04c68b049a47a7",
                "sha256:be831508b9207156309a88b9d115dbae0caa4a987b05f1aa4fed4c5ac53ec51b",
                "sha256:bf9a5caa0e0093552c2cc6051facef15b9c9ad4b1bde70430964edf99eaf2dad",
                "sha256:c0f760adc1dd3dfe6d13af529b2ab42bb3fff1a2a00a6873b583b4ce0048ddff",
                "sha256:c356d038a4e4cf52ccd7aff8022fc6a76daa0be5ecf2517ed75b87d32be0405d",
                "sha256:c94ee9832fded92a11920b10d75c5aa7f4ef910b0bd463c039e102c8d7eb2c46",
                "sha256:d3b9988f1a3591d900a090887ae4c41592e252bef5b249ad7e1fc46c21617534",
                "sha256:ef9c2d0b3c0935725b547175745ceacb86f4d410b1e984d47e320c9efb1936c5"
            ],
            "version": "==3.16.0"
        },
        "six": {
            "hashes": [
                "sha256:1e61c37477a1626458e36f7b1d82aa5c9b094fa4802892072e49de9c60c4c926",
                "sha256:8abb2f1d86890a2dfb989f9a77cfcfd3e47c2a354b01111771326f8aa26e0254"
            ],
            "markers": "python_version >= '2.7' and python_version not in '3.0, 3.1, 3.2, 3.3'",
            "version": "==1.16.0"
        },
        "wheel": {
            "hashes": [
                "sha256:78b5b185f0e5763c26ca1e324373aadd49182ca90e825f7853f4b2509215dc0e",
                "sha256:e11eefd162658ea59a60a0f6c7d493a7190ea4b9a85e335b33489d9f17e0245e"
            ],
            "markers": "python_version >= '2.7' and python_version not in '3.0, 3.1, 3.2, 3.3, 3.4'",
            "version": "==0.36.2"
        }
    },
    "develop": {}
}
